
Microsoft Visual Studio Solution File, Format Version 12.00
# Visual Studio Version 16
VisualStudioVersion = 16.0.31129.286
MinimumVisualStudioVersion = 10.0.40219.1
Project("{9A19103F-16F7-4668-BE54-9A1E7A4F7556}") = "BlazorDemo", "BlazorDemo\BlazorDemo.csproj", "{43350963-78EF-4878-92C2-DE6C0E4FF76F}"
EndProject
Global
	GlobalSection(SolutionConfigurationPlatforms) = preSolution
		Debug|Any CPU = Debug|Any CPU
		Release|Any CPU = Release|Any CPU
	EndGlobalSection
	GlobalSection(ProjectConfigurationPlatforms) = postSolution
		{43350963-78EF-4878-92C2-DE6C0E4FF76F}.Debug|Any CPU.ActiveCfg = Debug|Any CPU
		{43350963-78EF-4878-92C2-DE6C0E4FF76F}.Debug|Any CPU.Build.0 = Debug|Any CPU
		{43350963-78EF-4878-92C2-DE6C0E4FF76F}.Release|Any CPU.ActiveCfg = Release|Any CPU
		{43350963-78EF-4878-92C2-DE6C0E4FF76F}.Release|Any CPU.Build.0 = Release|Any CPU
	EndGlobalSection
	GlobalSection(SolutionProperties) = preSolution
		HideSolutionNode = FALSE
	EndGlobalSection
	GlobalSection(ExtensibilityGlobals) = postSolution
		SolutionGuid = {A5FC5A6E-5966-4C56-B55E-C498A9A23D2B}
	EndGlobalSection
EndGlobal
